
Microsoft Visual Studio Solution File, Format Version 12.00
# Visual Studio Version 17
VisualStudioVersion = 17.5.33516.290
MinimumVisualStudioVersion = 10.0.40219.1
Project("{FAE04EC0-301F-11D3-BF4B-00C04F79EFBC}") = "CourseProject", "CourseProject\CourseProject.csproj", "{42070EC2-EB08-4633-A94A-5D9CA711704A}"
EndProject
Global
	GlobalSection(SolutionConfigurationPlatforms) = preSolution
		Debug|Any CPU = Debug|Any CPU
		Release|Any CPU = Release|Any CPU
	EndGlobalSection
	GlobalSection(ProjectConfigurationPlatforms) = postSolution
		{42070EC2-EB08-4633-A94A-5D9CA711704A}.Debug|Any CPU.ActiveCfg = Debug|Any CPU
		{42070EC2-EB08-4633-A94A-5D9CA711704A}.Debug|Any CPU.Build.0 = Debug|Any CPU
		{42070EC2-EB08-4633-A94A-5D9CA711704A}.Release|Any CPU.ActiveCfg = Release|Any CPU
		{42070EC2-EB08-4633-A94A-5D9CA711704A}.Release|Any CPU.Build.0 = Release|Any CPU
	EndGlobalSection
	GlobalSection(SolutionProperties) = preSolution
		HideSolutionNode = FALSE
	EndGlobalSection
	GlobalSection(ExtensibilityGlobals) = postSolution
		SolutionGuid = {CB42C508-AFEF-41E5-A05F-B0CDC74EB7C4}
	EndGlobalSection
EndGlobal
